
Microsoft Visual Studio Solution File, Format Version 12.00
# Visual Studio Version 16
VisualStudioVersion = 16.0.30320.27
MinimumVisualStudioVersion = 10.0.40219.1
Project("{FAE04EC0-301F-11D3-BF4B-00C04F79EFBC}") = "ToDoListApp.UI", "ToDoListApp.UI\ToDoListApp.UI.csproj", "{883E037B-F075-45B1-ACC6-A394E873760C}"
EndProject
Project("{FAE04EC0-301F-11D3-BF4B-00C04F79EFBC}") = "ToDoListApp.DataAccess", "ToDoListApp.DataAccess\ToDoListApp.DataAccess.csproj", "{2D1606DE-12B8-4AD3-B6A7-1087B71F15E3}"
EndProject
Project("{FAE04EC0-301F-11D3-BF4B-00C04F79EFBC}") = "ToDoListApp.Model", "ToDoListApp.Model\ToDoListApp.Model.csproj", "{0B0AF638-09DD-462B-8E27-43E539DAFF86}"
EndProject
Global
	GlobalSection(SolutionConfigurationPlatforms) = preSolution
		Debug|Any CPU = Debug|Any CPU
		Release|Any CPU = Release|Any CPU
	EndGlobalSection
	GlobalSection(ProjectConfigurationPlatforms) = postSolution
		{883E037B-F075-45B1-ACC6-A394E873760C}.Debug|Any CPU.ActiveCfg = Debug|Any CPU
		{883E037B-F075-45B1-ACC6-A394E873760C}.Debug|Any CPU.Build.0 = Debug|Any CPU
		{883E037B-F075-45B1-ACC6-A394E873760C}.Release|Any CPU.ActiveCfg = Release|Any CPU
		{883E037B-F075-45B1-ACC6-A394E873760C}.Release|Any CPU.Build.0 = Release|Any CPU
		{2D1606DE-12B8-4AD3-B6A7-1087B71F15E3}.Debug|Any CPU.ActiveCfg = Debug|Any CPU
		{2D1606DE-12B8-4AD3-B6A7-1087B71F15E3}.Debug|Any CPU.Build.0 = Debug|Any CPU
		{2D1606DE-12B8-4AD3-B6A7-1087B71F15E3}.Release|Any CPU.ActiveCfg = Release|Any CPU
		{2D1606DE-12B8-4AD3-B6A7-1087B71F15E3}.Release|Any CPU.Build.0 = Release|Any CPU
		{0B0AF638-09DD-462B-8E27-43E539DAFF86}.Debug|Any CPU.ActiveCfg = Debug|Any CPU
		{0B0AF638-09DD-462B-8E27-43E539DAFF86}.Debug|Any CPU.Build.0 = Debug|Any CPU
		{0B0AF638-09DD-462B-8E27-43E539DAFF86}.Release|Any CPU.ActiveCfg = Release|Any CPU
		{0B0AF638-09DD-462B-8E27-43E539DAFF86}.Release|Any CPU.Build.0 = Release|Any CPU
	EndGlobalSection
	GlobalSection(SolutionProperties) = preSolution
		HideSolutionNode = FALSE
	EndGlobalSection
	GlobalSection(ExtensibilityGlobals) = postSolution
		SolutionGuid = {EC118633-AFD8-4282-9B45-B1F2034748B6}
	EndGlobalSection
EndGlobal
